
Microsoft Visual Studio Solution File, Format Version 12.00
# Visual Studio Version 17
VisualStudioVersion = 17.7.34003.232
MinimumVisualStudioVersion = 10.0.40219.1
Project("{FAE04EC0-301F-11D3-BF4B-00C04F79EFBC}") = "AbstractFactory", "AbstractFactory.csproj", "{8BB3D2A6-46EF-4E1F-9D56-7F32A6B7F412}"
EndProject
Global
	GlobalSection(SolutionConfigurationPlatforms) = preSolution
		Debug|Any CPU = Debug|Any CPU
		Release|Any CPU = Release|Any CPU
	EndGlobalSection
	GlobalSection(ProjectConfigurationPlatforms) = postSolution
		{8BB3D2A6-46EF-4E1F-9D56-7F32A6B7F412}.Debug|Any CPU.ActiveCfg = Debug|Any CPU
		{8BB3D2A6-46EF-4E1F-9D56-7F32A6B7F412}.Debug|Any CPU.Build.0 = Debug|Any CPU
		{8BB3D2A6-46EF-4E1F-9D56-7F32A6B7F412}.Release|Any CPU.ActiveCfg = Release|Any CPU
		{8BB3D2A6-46EF-4E1F-9D56-7F32A6B7F412}.Release|Any CPU.Build.0 = Release|Any CPU
	EndGlobalSection
	GlobalSection(SolutionProperties) = preSolution
		HideSolutionNode = FALSE
	EndGlobalSection
	GlobalSection(ExtensibilityGlobals) = postSolution
		SolutionGuid = {01D38277-4567-4148-BA67-FEB49765AE8D}
	EndGlobalSection
EndGlobal
